// !$*UTF8*$!
{
	archiveVersion = 1;
	classes = {
	};
	objectVersion = 55;
	objects = {

/* Begin PBXBuildFile section */
		047F65F427B2489C00F015FA /* AppDelegate.m in Sources */ = {isa = PBXBuildFile; fileRef = 047F65F327B2489C00F015FA /* AppDelegate.m */; };
		047F65F727B2489C00F015FA /* SceneDelegate.m in Sources */ = {isa = PBXBuildFile; fileRef = 047F65F627B2489C00F015FA /* SceneDelegate.m */; };
		047F65FA27B2489C00F015FA /* ViewController.m in Sources */ = {isa = PBXBuildFile; fileRef = 047F65F927B2489C00F015FA /* ViewController.m */; };
		047F65FD27B2489C00F015FA /* Main.storyboard in Resources */ = {isa = PBXBuildFile; fileRef = 047F65FB27B2489C00F015FA /* Main.storyboard */; };
		047F65FF27B2489D00F015FA /* Assets.xcassets in Resources */ = {isa = PBXBuildFile; fileRef = 047F65FE27B2489D00F015FA /* Assets.xcassets */; };
		047F660227B2489D00F015FA /* LaunchScreen.storyboard in Resources */ = {isa = PBXBuildFile; fileRef = 047F660027B2489D00F015FA /* LaunchScreen.storyboard */; };
		047F660527B2489D00F015FA /* main.m in Sources */ = {isa = PBXBuildFile; fileRef = 047F660427B2489D00F015FA /* main.m */; };
		047F660F27B2489D00F015FA /* RootCheckAppTests.m in Sources */ = {isa = PBXBuildFile; fileRef = 047F660E27B2489D00F015FA /* RootCheckAppTests.m */; };
		047F661927B2489D00F015FA /* RootCheckAppUITests.m in Sources */ = {isa = PBXBuildFile; fileRef = 047F661827B2489D00F015FA /* RootCheckAppUITests.m */; };
		047F661B27B2489D00F015FA /* RootCheckAppUITestsLaunchTests.m in Sources */ = {isa = PBXBuildFile; fileRef = 047F661A27B2489D00F015FA /* RootCheckAppUITestsLaunchTests.m */; };
/* End PBXBuildFile section */

/* Begin PBXContainerItemProxy section */
		047F660B27B2489D00F015FA /* PBXContainerItemProxy */ = {
			isa = PBXContainerItemProxy;
			containerPortal = 047F65E727B2489C00F015FA /* Project object */;
			proxyType = 1;
			remoteGlobalIDString = 047F65EE27B2489C00F015FA;
			remoteInfo = RootCheckApp;
		};
		047F661527B2489D00F015FA /* PBXContainerItemProxy */ = {
			isa = PBXContainerItemProxy;
			containerPortal = 047F65E727B2489C00F015FA /* Project object */;
			proxyType = 1;
			remoteGlobalIDString = 047F65EE27B2489C00F015FA;
			remoteInfo = RootCheckApp;
		};
/* End PBXContainerItemProxy section */

/* Begin PBXFileReference section */
		047F65EF27B2489C00F015FA /* RootCheckApp.app */ = {isa = PBXFileReference; explicitFileType = wrapper.application; includeInIndex = 0; path = RootCheckApp.app; sourceTree = BUILT_PRODUCTS_DIR; };
		047F65F227B2489C00F015FA /* AppDelegate.h */ = {isa = PBXFileReference; lastKnownFileType = sourcecode.c.h; path = AppDelegate.h; sourceTree = "<group>"; };
		047F65F327B2489C00F015FA /* AppDelegate.m */ = {isa = PBXFileReference; lastKnownFileType = sourcecode.c.objc; path = AppDelegate.m; sourceTree = "<group>"; };
		047F65F527B2489C00F015FA /* SceneDelegate.h */ = {isa = PBXFileReference; lastKnownFileType = sourcecode.c.h; path = SceneDelegate.h; sourceTree = "<group>"; };
		047F65F627B2489C00F015FA /* SceneDelegate.m */ = {isa = PBXFileReference; lastKnownFileType = sourcecode.c.objc; path = SceneDelegate.m; sourceTree = "<group>"; };
		047F65F827B2489C00F015FA /* ViewController.h */ = {isa = PBXFileReference; lastKnownFileType = sourcecode.c.h; path = ViewController.h; sourceTree = "<group>"; };
		047F65F927B2489C00F015FA /* ViewController.m */ = {isa = PBXFileReference; lastKnownFileType = sourcecode.c.objc; path = ViewController.m; sourceTree = "<group>"; };
		047F65FC27B2489C00F015FA /* Base */ = {isa = PBXFileReference; lastKnownFileType = file.storyboard; name = Base; path = Base.lproj/Main.storyboard; sourceTree = "<group>"; };
		047F65FE27B2489D00F015FA /* Assets.xcassets */ = {isa = PBXFileReference; lastKnownFileType = folder.assetcatalog; path = Assets.xcassets; sourceTree = "<group>"; };
		047F660127B2489D00F015FA /* Base */ = {isa = PBXFileReference; lastKnownFileType = file.storyboard; name = Base; path = Base.lproj/LaunchScreen.storyboard; sourceTree = "<group>"; };
		047F660327B2489D00F015FA /* Info.plist */ = {isa = PBXFileReference; lastKnownFileType = text.plist.xml; path = Info.plist; sourceTree = "<group>"; };
		047F660427B2489D00F015FA /* main.m */ = {isa = PBXFileReference; lastKnownFileType = sourcecode.c.objc; path = main.m; sourceTree = "<group>"; };
		047F660A27B2489D00F015FA /* RootCheckAppTests.xctest */ = {isa = PBXFileReference; explicitFileType = wrapper.cfbundle; includeInIndex = 0; path = RootCheckAppTests.xctest; sourceTree = BUILT_PRODUCTS_DIR; };
		047F660E27B2489D00F015FA /* RootCheckAppTests.m */ = {isa = PBXFileReference; lastKnownFileType = sourcecode.c.objc; path = RootCheckAppTests.m; sourceTree = "<group>"; };
		047F661427B2489D00F015FA /* RootCheckAppUITests.xctest */ = {isa = PBXFileReference; explicitFileType = wrapper.cfbundle; includeInIndex = 0; path = RootCheckAppUITests.xctest; sourceTree = BUILT_PRODUCTS_DIR; };
		047F661827B2489D00F015FA /* RootCheckAppUITests.m */ = {isa = PBXFileReference; lastKnownFileType = sourcecode.c.objc; path = RootCheckAppUITests.m; sourceTree = "<group>"; };
		047F661A27B2489D00F015FA /* RootCheckAppUITestsLaunchTests.m */ = {isa = PBXFileReference; lastKnownFileType = sourcecode.c.objc; path = RootCheckAppUITestsLaunchTests.m; sourceTree = "<group>"; };
/* End PBXFileReference section */

/* Begin PBXFrameworksBuildPhase section */
		047F65EC27B2489C00F015FA /* Frameworks */ = {
			isa = PBXFrameworksBuildPhase;
			buildActionMask = 2147483647;
			files = (
			);
			runOnlyForDeploymentPostprocessing = 0;
		};
		047F660727B2489D00F015FA /* Frameworks */ = {
			isa = PBXFrameworksBuildPhase;
			buildActionMask = 2147483647;
			files = (
			);
			runOnlyForDeploymentPostprocessing = 0;
		};
		047F661127B2489D00F015FA /* Frameworks */ = {
			isa = PBXFrameworksBuildPhase;
			buildActionMask = 2147483647;
			files = (
			);
			runOnlyForDeploymentPostprocessing = 0;
		};
/* End PBXFrameworksBuildPhase section */

/* Begin PBXGroup section */
		047F65E627B2489C00F015FA = {
			isa = PBXGroup;
			children = (
				047F65F127B2489C00F015FA /* RootCheckApp */,
				047F660D27B2489D00F015FA /* RootCheckAppTests */,
				047F661727B2489D00F015FA /* RootCheckAppUITests */,
				047F65F027B2489C00F015FA /* Products */,
			);
			sourceTree = "<group>";
		};
		047F65F027B2489C00F015FA /* Products */ = {
			isa = PBXGroup;
			children = (
				047F65EF27B2489C00F015FA /* RootCheckApp.app */,
				047F660A27B2489D00F015FA /* RootCheckAppTests.xctest */,
				047F661427B2489D00F015FA /* RootCheckAppUITests.xctest */,
			);
			name = Products;
			sourceTree = "<group>";
		};
		047F65F127B2489C00F015FA /* RootCheckApp */ = {
			isa = PBXGroup;
			children = (
				047F65F227B2489C00F015FA /* AppDelegate.h */,
				047F65F327B2489C00F015FA /* AppDelegate.m */,
				047F65F527B2489C00F015FA /* SceneDelegate.h */,
				047F65F627B2489C00F015FA /* SceneDelegate.m */,
				047F65F827B2489C00F015FA /* ViewController.h */,
				047F65F927B2489C00F015FA /* ViewController.m */,
				047F65FB27B2489C00F015FA /* Main.storyboard */,
				047F65FE27B2489D00F015FA /* Assets.xcassets */,
				047F660027B2489D00F015FA /* LaunchScreen.storyboard */,
				047F660327B2489D00F015FA /* Info.plist */,
				047F660427B2489D00F015FA /* main.m */,
			);
			path = RootCheckApp;
			sourceTree = "<group>";
		};
		047F660D27B2489D00F015FA /* RootCheckAppTests */ = {
			isa = PBXGroup;
			children = (
				047F660E27B2489D00F015FA /* RootCheckAppTests.m */,
			);
			path = RootCheckAppTests;
			sourceTree = "<group>";
		};
		047F661727B2489D00F015FA /* RootCheckAppUITests */ = {
			isa = PBXGroup;
			children = (
				047F661827B2489D00F015FA /* RootCheckAppUITests.m */,
				047F661A27B2489D00F015FA /* RootCheckAppUITestsLaunchTests.m */,
			);
			path = RootCheckAppUITests;
			sourceTree = "<group>";
		};
/* End PBXGroup section */

/* Begin PBXNativeTarget section */
		047F65EE27B2489C00F015FA /* RootCheckApp */ = {
			isa = PBXNativeTarget;
			buildConfigurationList = 047F661E27B2489D00F015FA /* Build configuration list for PBXNativeTarget "RootCheckApp" */;
			buildPhases = (
				047F65EB27B2489C00F015FA /* Sources */,
				047F65EC27B2489C00F015FA /* Frameworks */,
				047F65ED27B2489C00F015FA /* Resources */,
			);
			buildRules = (
			);
			dependencies = (
			);
			name = RootCheckApp;
			productName = RootCheckApp;
			productReference = 047F65EF27B2489C00F015FA /* RootCheckApp.app */;
			productType = "com.apple.product-type.application";
		};
		047F660927B2489D00F015FA /* RootCheckAppTests */ = {
			isa = PBXNativeTarget;
			buildConfigurationList = 047F662127B2489D00F015FA /* Build configuration list for PBXNativeTarget "RootCheckAppTests" */;
			buildPhases = (
				047F660627B2489D00F015FA /* Sources */,
				047F660727B2489D00F015FA /* Frameworks */,
				047F660827B2489D00F015FA /* Resources */,
			);
			buildRules = (
			);
			dependencies = (
				047F660C27B2489D00F015FA /* PBXTargetDependency */,
			);
			name = RootCheckAppTests;
			productName = RootCheckAppTests;
			productReference = 047F660A27B2489D00F015FA /* RootCheckAppTests.xctest */;
			productType = "com.apple.product-type.bundle.unit-test";
		};
		047F661327B2489D00F015FA /* RootCheckAppUITests */ = {
			isa = PBXNativeTarget;
			buildConfigurationList = 047F662427B2489D00F015FA /* Build configuration list for PBXNativeTarget "RootCheckAppUITests" */;
			buildPhases = (
				047F661027B2489D00F015FA /* Sources */,
				047F661127B2489D00F015FA /* Frameworks */,
				047F661227B2489D00F015FA /* Resources */,
			);
			buildRules = (
			);
			dependencies = (
				047F661627B2489D00F015FA /* PBXTargetDependency */,
			);
			name = RootCheckAppUITests;
			productName = RootCheckAppUITests;
			productReference = 047F661427B2489D00F015FA /* RootCheckAppUITests.xctest */;
			productType = "com.apple.product-type.bundle.ui-testing";
		};
/* End PBXNativeTarget section */

/* Begin PBXProject section */
		047F65E727B2489C00F015FA /* Project object */ = {
			isa = PBXProject;
			attributes = {
				BuildIndependentTargetsInParallel = 1;
				LastUpgradeCheck = 1320;
				TargetAttributes = {
					047F65EE27B2489C00F015FA = {
						CreatedOnToolsVersion = 13.2.1;
					};
					047F660927B2489D00F015FA = {
						CreatedOnToolsVersion = 13.2.1;
						TestTargetID = 047F65EE27B2489C00F015FA;
					};
					047F661327B2489D00F015FA = {
						CreatedOnToolsVersion = 13.2.1;
						TestTargetID = 047F65EE27B2489C00F015FA;
					};
				};
			};
			buildConfigurationList = 047F65EA27B2489C00F015FA /* Build configuration list for PBXProject "RootCheckApp" */;
			compatibilityVersion = "Xcode 13.0";
			developmentRegion = en;
			hasScannedForEncodings = 0;
			knownRegions = (
				en,
				Base,
			);
			mainGroup = 047F65E627B2489C00F015FA;
			productRefGroup = 047F65F027B2489C00F015FA /* Products */;
			projectDirPath = "";
			projectRoot = "";
			targets = (
				047F65EE27B2489C00F015FA /* RootCheckApp */,
				047F660927B2489D00F015FA /* RootCheckAppTests */,
				047F661327B2489D00F015FA /* RootCheckAppUITests */,
			);
		};
/* End PBXProject section */

/* Begin PBXResourcesBuildPhase section */
		047F65ED27B2489C00F015FA /* Resources */ = {
			isa = PBXResourcesBuildPhase;
			buildActionMask = 2147483647;
			files = (
				047F660227B2489D00F015FA /* LaunchScreen.storyboard in Resources */,
				047F65FF27B2489D00F015FA /* Assets.xcassets in Resources */,
				047F65FD27B2489C00F015FA /* Main.storyboard in Resources */,
			);
			runOnlyForDeploymentPostprocessing = 0;
		};
		047F660827B2489D00F015FA /* Resources */ = {
			isa = PBXResourcesBuildPhase;
			buildActionMask = 2147483647;
			files = (
			);
			runOnlyForDeploymentPostprocessing = 0;
		};
		047F661227B2489D00F015FA /* Resources */ = {
			isa = PBXResourcesBuildPhase;
			buildActionMask = 2147483647;
			files = (
			);
			runOnlyForDeploymentPostprocessing = 0;
		};
/* End PBXResourcesBuildPhase section */

/* Begin PBXSourcesBuildPhase section */
		047F65EB27B2489C00F015FA /* Sources */ = {
			isa = PBXSourcesBuildPhase;
			buildActionMask = 2147483647;
			files = (
				047F65FA27B2489C00F015FA /* ViewController.m in Sources */,
				047F65F427B2489C00F015FA /* AppDelegate.m in Sources */,
				047F660527B2489D00F015FA /* main.m in Sources */,
				047F65F727B2489C00F015FA /* SceneDelegate.m in Sources */,
			);
			runOnlyForDeploymentPostprocessing = 0;
		};
		047F660627B2489D00F015FA /* Sources */ = {
			isa = PBXSourcesBuildPhase;
			buildActionMask = 2147483647;
			files = (
				047F660F27B2489D00F015FA /* RootCheckAppTests.m in Sources */,
			);
			runOnlyForDeploymentPostprocessing = 0;
		};
		047F661027B2489D00F015FA /* Sources */ = {
			isa = PBXSourcesBuildPhase;
			buildActionMask = 2147483647;
			files = (
				047F661B27B2489D00F015FA /* RootCheckAppUITestsLaunchTests.m in Sources */,
				047F661927B2489D00F015FA /* RootCheckAppUITests.m in Sources */,
			);
			runOnlyForDeploymentPostprocessing = 0;
		};
/* End PBXSourcesBuildPhase section */

/* Begin PBXTargetDependency section */
		047F660C27B2489D00F015FA /* PBXTargetDependency */ = {
			isa = PBXTargetDependency;
			target = 047F65EE27B2489C00F015FA /* RootCheckApp */;
			targetProxy = 047F660B27B2489D00F015FA /* PBXContainerItemProxy */;
		};
		047F661627B2489D00F015FA /* PBXTargetDependency */ = {
			isa = PBXTargetDependency;
			target = 047F65EE27B2489C00F015FA /* RootCheckApp */;
			targetProxy = 047F661527B2489D00F015FA /* PBXContainerItemProxy */;
		};
/* End PBXTargetDependency section */

/* Begin PBXVariantGroup section */
		047F65FB27B2489C00F015FA /* Main.storyboard */ = {
			isa = PBXVariantGroup;
			children = (
				047F65FC27B2489C00F015FA /* Base */,
			);
			name = Main.storyboard;
			sourceTree = "<group>";
		};
		047F660027B2489D00F015FA /* LaunchScreen.storyboard */ = {
			isa = PBXVariantGroup;
			children = (
				047F660127B2489D00F015FA /* Base */,
			);
			name = LaunchScreen.storyboard;
			sourceTree = "<group>";
		};
/* End PBXVariantGroup section */

/* Begin XCBuildConfiguration section */
		047F661C27B2489D00F015FA /* Debug */ = {
			isa = XCBuildConfiguration;
			buildSettings = {
				ALWAYS_SEARCH_USER_PATHS = NO;
				CLANG_ANALYZER_NONNULL = YES;
				CLANG_ANALYZER_NUMBER_OBJECT_CONVERSION = YES_AGGRESSIVE;
				CLANG_CXX_LANGUAGE_STANDARD = "gnu++17";
				CLANG_CXX_LIBRARY = "libc++";
				CLANG_ENABLE_MODULES = YES;
				CLANG_ENABLE_OBJC_ARC = YES;
				CLANG_ENABLE_OBJC_WEAK = YES;
				CLANG_WARN_BLOCK_CAPTURE_AUTORELEASING = YES;
				CLANG_WARN_BOOL_CONVERSION = YES;
				CLANG_WARN_COMMA = YES;
				CLANG_WARN_CONSTANT_CONVERSION = YES;
				CLANG_WARN_DEPRECATED_OBJC_IMPLEMENTATIONS = YES;
				CLANG_WARN_DIRECT_OBJC_ISA_USAGE = YES_ERROR;
				CLANG_WARN_DOCUMENTATION_COMMENTS = YES;
				CLANG_WARN_EMPTY_BODY = YES;
				CLANG_WARN_ENUM_CONVERSION = YES;
				CLANG_WARN_INFINITE_RECURSION = YES;
				CLANG_WARN_INT_CONVERSION = YES;
				CLANG_WARN_NON_LITERAL_NULL_CONVERSION = YES;
				CLANG_WARN_OBJC_IMPLICIT_RETAIN_SELF = YES;
				CLANG_WARN_OBJC_LITERAL_CONVERSION = YES;
				CLANG_WARN_OBJC_ROOT_CLASS = YES_ERROR;
				CLANG_WARN_QUOTED_INCLUDE_IN_FRAMEWORK_HEADER = YES;
				CLANG_WARN_RANGE_LOOP_ANALYSIS = YES;
				CLANG_WARN_STRICT_PROTOTYPES = YES;
				CLANG_WARN_SUSPICIOUS_MOVE = YES;
				CLANG_WARN_UNGUARDED_AVAILABILITY = YES_AGGRESSIVE;
				CLANG_WARN_UNREACHABLE_CODE = YES;
				CLANG_WARN__DUPLICATE_METHOD_MATCH = YES;
				COPY_PHASE_STRIP = NO;
				DEBUG_INFORMATION_FORMAT = dwarf;
				ENABLE_STRICT_OBJC_MSGSEND = YES;
				ENABLE_TESTABILITY = YES;
				GCC_C_LANGUAGE_STANDARD = gnu11;
				GCC_DYNAMIC_NO_PIC = NO;
				GCC_NO_COMMON_BLOCKS = YES;
				GCC_OPTIMIZATION_LEVEL = 0;
				GCC_PREPROCESSOR_DEFINITIONS = (
					"DEBUG=1",
					"$(inherited)",
				);
				GCC_WARN_64_TO_32_BIT_CONVERSION = YES;
				GCC_WARN_ABOUT_RETURN_TYPE = YES_ERROR;
				GCC_WARN_UNDECLARED_SELECTOR = YES;
				GCC_WARN_UNINITIALIZED_AUTOS = YES_AGGRESSIVE;
				GCC_WARN_UNUSED_FUNCTION = YES;
				GCC_WARN_UNUSED_VARIABLE = YES;
				IPHONEOS_DEPLOYMENT_TARGET = 15.2;
				MTL_ENABLE_DEBUG_INFO = INCLUDE_SOURCE;
				MTL_FAST_MATH = YES;
				ONLY_ACTIVE_ARCH = YES;
				SDKROOT = iphoneos;
			};
			name = Debug;
		};
		047F661D27B2489D00F015FA /* Release */ = {
			isa = XCBuildConfiguration;
			buildSettings = {
				ALWAYS_SEARCH_USER_PATHS = NO;
				CLANG_ANALYZER_NONNULL = YES;
				CLANG_ANALYZER_NUMBER_OBJECT_CONVERSION = YES_AGGRESSIVE;
				CLANG_CXX_LANGUAGE_STANDARD = "gnu++17";
				CLANG_CXX_LIBRARY = "libc++";
				CLANG_ENABLE_MODULES = YES;
				CLANG_ENABLE_OBJC_ARC = YES;
				CLANG_ENABLE_OBJC_WEAK = YES;
				CLANG_WARN_BLOCK_CAPTURE_AUTORELEASING = YES;
				CLANG_WARN_BOOL_CONVERSION = YES;
				CLANG_WARN_COMMA = YES;
				CLANG_WARN_CONSTANT_CONVERSION = YES;
				CLANG_WARN_DEPRECATED_OBJC_IMPLEMENTATIONS = YES;
				CLANG_WARN_DIRECT_OBJC_ISA_USAGE = YES_ERROR;
				CLANG_WARN_DOCUMENTATION_COMMENTS = YES;
				CLANG_WARN_EMPTY_BODY = YES;
				CLANG_WARN_ENUM_CONVERSION = YES;
				CLANG_WARN_INFINITE_RECURSION = YES;
				CLANG_WARN_INT_CONVERSION = YES;
				CLANG_WARN_NON_LITERAL_NULL_CONVERSION = YES;
				CLANG_WARN_OBJC_IMPLICIT_RETAIN_SELF = YES;
				CLANG_WARN_OBJC_LITERAL_CONVERSION = YES;
				CLANG_WARN_OBJC_ROOT_CLASS = YES_ERROR;
				CLANG_WARN_QUOTED_INCLUDE_IN_FRAMEWORK_HEADER = YES;
				CLANG_WARN_RANGE_LOOP_ANALYSIS = YES;
				CLANG_WARN_STRICT_PROTOTYPES = YES;
				CLANG_WARN_SUSPICIOUS_MOVE = YES;
				CLANG_WARN_UNGUARDED_AVAILABILITY = YES_AGGRESSIVE;
				CLANG_WARN_UNREACHABLE_CODE = YES;
				CLANG_WARN__DUPLICATE_METHOD_MATCH = YES;
				COPY_PHASE_STRIP = NO;
				DEBUG_INFORMATION_FORMAT = "dwarf-with-dsym";
				ENABLE_NS_ASSERTIONS = NO;
				ENABLE_STRICT_OBJC_MSGSEND = YES;
				GCC_C_LANGUAGE_STANDARD = gnu11;
				GCC_NO_COMMON_BLOCKS = YES;
				GCC_WARN_64_TO_32_BIT_CONVERSION = YES;
				GCC_WARN_ABOUT_RETURN_TYPE = YES_ERROR;
				GCC_WARN_UNDECLARED_SELECTOR = YES;
				GCC_WARN_UNINITIALIZED_AUTOS = YES_AGGRESSIVE;
				GCC_WARN_UNUSED_FUNCTION = YES;
				GCC_WARN_UNUSED_VARIABLE = YES;
				IPHONEOS_DEPLOYMENT_TARGET = 15.2;
				MTL_ENABLE_DEBUG_INFO = NO;
				MTL_FAST_MATH = YES;
				SDKROOT = iphoneos;
				VALIDATE_PRODUCT = YES;
			};
			name = Release;
		};
		047F661F27B2489D00F015FA /* Debug */ = {
			isa = XCBuildConfiguration;
			buildSettings = {
				ASSETCATALOG_COMPILER_APPICON_NAME = AppIcon;
				ASSETCATALOG_COMPILER_GLOBAL_ACCENT_COLOR_NAME = AccentColor;
				CODE_SIGN_STYLE = Automatic;
				CURRENT_PROJECT_VERSION = 1;
				DEVELOPMENT_TEAM = X2VBH5QEEY;
				GENERATE_INFOPLIST_FILE = YES;
				INFOPLIST_FILE = RootCheckApp/Info.plist;
				INFOPLIST_KEY_UIApplicationSupportsIndirectInputEvents = YES;
				INFOPLIST_KEY_UILaunchStoryboardName = LaunchScreen;
				INFOPLIST_KEY_UIMainStoryboardFile = Main;
				INFOPLIST_KEY_UISupportedInterfaceOrientations_iPad = "UIInterfaceOrientationPortrait UIInterfaceOrientationPortraitUpsideDown UIInterfaceOrientationLandscapeLeft UIInterfaceOrientationLandscapeRight";
				INFOPLIST_KEY_UISupportedInterfaceOrientations_iPhone = "UIInterfaceOrientationPortrait UIInterfaceOrientationLandscapeLeft UIInterfaceOrientationLandscapeRight";
				LD_RUNPATH_SEARCH_PATHS = (
					"$(inherited)",
					"@executable_path/Frameworks",
				);
				MARKETING_VERSION = 1.0;
				PRODUCT_BUNDLE_IDENTIFIER = autoever.sample.RootCheckApp;
				PRODUCT_NAME = "$(TARGET_NAME)";
				SWIFT_EMIT_LOC_STRINGS = YES;
				TARGETED_DEVICE_FAMILY = "1,2";
			};
			name = Debug;
		};
		047F662027B2489D00F015FA /* Release */ = {
			isa = XCBuildConfiguration;
			buildSettings = {
				ASSETCATALOG_COMPILER_APPICON_NAME = AppIcon;
				ASSETCATALOG_COMPILER_GLOBAL_ACCENT_COLOR_NAME = AccentColor;
				CODE_SIGN_STYLE = Automatic;
				CURRENT_PROJECT_VERSION = 1;
				DEVELOPMENT_TEAM = X2VBH5QEEY;
				GENERATE_INFOPLIST_FILE = YES;
				INFOPLIST_FILE = RootCheckApp/Info.plist;
				INFOPLIST_KEY_UIApplicationSupportsIndirectInputEvents = YES;
				INFOPLIST_KEY_UILaunchStoryboardName = LaunchScreen;
				INFOPLIST_KEY_UIMainStoryboardFile = Main;
				INFOPLIST_KEY_UISupportedInterfaceOrientations_iPad = "UIInterfaceOrientationPortrait UIInterfaceOrientationPortraitUpsideDown UIInterfaceOrientationLandscapeLeft UIInterfaceOrientationLandscapeRight";
				INFOPLIST_KEY_UISupportedInterfaceOrientations_iPhone = "UIInterfaceOrientationPortrait UIInterfaceOrientationLandscapeLeft UIInterfaceOrientationLandscapeRight";
				LD_RUNPATH_SEARCH_PATHS = (
					"$(inherited)",
					"@executable_path/Frameworks",
				);
				MARKETING_VERSION = 1.0;
				PRODUCT_BUNDLE_IDENTIFIER = autoever.sample.RootCheckApp;
				PRODUCT_NAME = "$(TARGET_NAME)";
				SWIFT_EMIT_LOC_STRINGS = YES;
				TARGETED_DEVICE_FAMILY = "1,2";
			};
			name = Release;
		};
		047F662227B2489D00F015FA /* Debug */ = {
			isa = XCBuildConfiguration;
			buildSettings = {
				BUNDLE_LOADER = "$(TEST_HOST)";
				CODE_SIGN_STYLE = Automatic;
				CURRENT_PROJECT_VERSION = 1;
				DEVELOPMENT_TEAM = X2VBH5QEEY;
				GENERATE_INFOPLIST_FILE = YES;
				IPHONEOS_DEPLOYMENT_TARGET = 15.2;
				MARKETING_VERSION = 1.0;
				PRODUCT_BUNDLE_IDENTIFIER = autoever.sample.RootCheckAppTests;
				PRODUCT_NAME = "$(TARGET_NAME)";
				SWIFT_EMIT_LOC_STRINGS = NO;
				TARGETED_DEVICE_FAMILY = "1,2";
				TEST_HOST = "$(BUILT_PRODUCTS_DIR)/RootCheckApp.app/RootCheckApp";
			};
			name = Debug;
		};
		047F662327B2489D00F015FA /* Release */ = {
			isa = XCBuildConfiguration;
			buildSettings = {
				BUNDLE_LOADER = "$(TEST_HOST)";
				CODE_SIGN_STYLE = Automatic;
				CURRENT_PROJECT_VERSION = 1;
				DEVELOPMENT_TEAM = X2VBH5QEEY;
				GENERATE_INFOPLIST_FILE = YES;
				IPHONEOS_DEPLOYMENT_TARGET = 15.2;
				MARKETING_VERSION = 1.0;
				PRODUCT_BUNDLE_IDENTIFIER = autoever.sample.RootCheckAppTests;
				PRODUCT_NAME = "$(TARGET_NAME)";
				SWIFT_EMIT_LOC_STRINGS = NO;
				TARGETED_DEVICE_FAMILY = "1,2";
				TEST_HOST = "$(BUILT_PRODUCTS_DIR)/RootCheckApp.app/RootCheckApp";
			};
			name = Release;
		};
		047F662527B2489D00F015FA /* Debug */ = {
			isa = XCBuildConfiguration;
			buildSettings = {
				CODE_SIGN_STYLE = Automatic;
				CURRENT_PROJECT_VERSION = 1;
				DEVELOPMENT_TEAM = X2VBH5QEEY;
				GENERATE_INFOPLIST_FILE = YES;
				MARKETING_VERSION = 1.0;
				PRODUCT_BUNDLE_IDENTIFIER = autoever.sample.RootCheckAppUITests;
				PRODUCT_NAME = "$(TARGET_NAME)";
				SWIFT_EMIT_LOC_STRINGS = NO;
				TARGETED_DEVICE_FAMILY = "1,2";
				TEST_TARGET_NAME = RootCheckApp;
			};
			name = Debug;
		};
		047F662627B2489D00F015FA /* Release */ = {
			isa = XCBuildConfiguration;
			buildSettings = {
				CODE_SIGN_STYLE = Automatic;
				CURRENT_PROJECT_VERSION = 1;
				DEVELOPMENT_TEAM = X2VBH5QEEY;
				GENERATE_INFOPLIST_FILE = YES;
				MARKETING_VERSION = 1.0;
				PRODUCT_BUNDLE_IDENTIFIER = autoever.sample.RootCheckAppUITests;
				PRODUCT_NAME = "$(TARGET_NAME)";
				SWIFT_EMIT_LOC_STRINGS = NO;
				TARGETED_DEVICE_FAMILY = "1,2";
				TEST_TARGET_NAME = RootCheckApp;
			};
			name = Release;
		};
/* End XCBuildConfiguration section */

/* Begin XCConfigurationList section */
		047F65EA27B2489C00F015FA /* Build configuration list for PBXProject "RootCheckApp" */ = {
			isa = XCConfigurationList;
			buildConfigurations = (
				047F661C27B2489D00F015FA /* Debug */,
				047F661D27B2489D00F015FA /* Release */,
			);
			defaultConfigurationIsVisible = 0;
			defaultConfigurationName = Release;
		};
		047F661E27B2489D00F015FA /* Build configuration list for PBXNativeTarget "RootCheckApp" */ = {
			isa = XCConfigurationList;
			buildConfigurations = (
				047F661F27B2489D00F015FA /* Debug */,
				047F662027B2489D00F015FA /* Release */,
			);
			defaultConfigurationIsVisible = 0;
			defaultConfigurationName = Release;
		};
		047F662127B2489D00F015FA /* Build configuration list for PBXNativeTarget "RootCheckAppTests" */ = {
			isa = XCConfigurationList;
			buildConfigurations = (
				047F662227B2489D00F015FA /* Debug */,
				047F662327B2489D00F015FA /* Release */,
			);
			defaultConfigurationIsVisible = 0;
			defaultConfigurationName = Release;
		};
		047F662427B2489D00F015FA /* Build configuration list for PBXNativeTarget "RootCheckAppUITests" */ = {
			isa = XCConfigurationList;
			buildConfigurations = (
				047F662527B2489D00F015FA /* Debug */,
				047F662627B2489D00F015FA /* Release */,
			);
			defaultConfigurationIsVisible = 0;
			defaultConfigurationName = Release;
		};
/* End XCConfigurationList section */
	};
	rootObject = 047F65E727B2489C00F015FA /* Project object */;
}
